
Microsoft Visual Studio Solution File, Format Version 12.00
# Visual Studio Version 17
VisualStudioVersion = 17.6.33712.159
MinimumVisualStudioVersion = 10.0.40219.1
Project("{FAE04EC0-301F-11D3-BF4B-00C04F79EFBC}") = "VP_LAB6_ICT_21_840", "VP_LAB6_ICT_21_840\VP_LAB6_ICT_21_840.csproj", "{AAE43E92-7F10-4978-9995-75B89971DEAA}"
EndProject
Global
	GlobalSection(SolutionConfigurationPlatforms) = preSolution
		Debug|Any CPU = Debug|Any CPU
		Release|Any CPU = Release|Any CPU
	EndGlobalSection
	GlobalSection(ProjectConfigurationPlatforms) = postSolution
		{AAE43E92-7F10-4978-9995-75B89971DEAA}.Debug|Any CPU.ActiveCfg = Debug|Any CPU
		{AAE43E92-7F10-4978-9995-75B89971DEAA}.Debug|Any CPU.Build.0 = Debug|Any CPU
		{AAE43E92-7F10-4978-9995-75B89971DEAA}.Release|Any CPU.ActiveCfg = Release|Any CPU
		{AAE43E92-7F10-4978-9995-75B89971DEAA}.Release|Any CPU.Build.0 = Release|Any CPU
	EndGlobalSection
	GlobalSection(SolutionProperties) = preSolution
		HideSolutionNode = FALSE
	EndGlobalSection
	GlobalSection(ExtensibilityGlobals) = postSolution
		SolutionGuid = {68F4E60E-94FF-4858-B43A-C5B78C537D5F}
	EndGlobalSection
EndGlobal
